{
  "version": 4,
  "terraform_version": "1.5.7",
  "serial": 1092,
  "lineage": "66c2d46c-6658-0263-3df9-7e1a2166fbf7",
  "outputs": {
    "broker_ip": {
      "value": "34.159.87.243",
      "type": "string"
    },
    "broker_ssh_command": {
      "value": "ssh debian@34.159.87.243",
      "type": "string"
    },
    "broker_upload_command": {
      "value": "scp /Users/minghe/test/target/Broker.jar debian@34.159.87.243:~",
      "type": "string"
    },
    "publisher_ip": {
      "value": "35.246.254.217",
      "type": "string"
    },
    "publisher_ssh_command": {
      "value": "ssh debian@35.246.254.217",
      "type": "string"
    },
    "publisher_upload_command": {
      "value": "scp /Users/minghe/test/target/Publisher.jar debian@35.246.254.217:~",
      "type": "string"
    },
    "subscriber_ip": {
      "value": "34.141.38.70",
      "type": "string"
    },
    "subscriber_ssh_command": {
      "value": "ssh debian@34.141.38.70",
      "type": "string"
    },
    "subscriber_upload_command": {
      "value": "scp /Users/minghe/test/target/Subscriber.jar debian@34.141.38.70:~",
      "type": "string"
    }
  },
  "resources": [
    {
      "mode": "managed",
      "type": "google_compute_firewall",
      "name": "grpc_server",
      "provider": "provider[\"registry.terraform.io/hashicorp/google\"]",
      "instances": [
        {
          "schema_version": 1,
          "attributes": {
            "allow": [
              {
                "ports": [
                  "61616"
                ],
                "protocol": "tcp"
              }
            ],
            "creation_timestamp": "2023-09-19T13:31:41.239-07:00",
            "deny": [],
            "description": "",
            "destination_ranges": [],
            "direction": "INGRESS",
            "disabled": false,
            "enable_logging": null,
            "id": "projects/schirmer-project/global/firewalls/grpc-app-firewall",
            "log_config": [],
            "name": "grpc-app-firewall",
            "network": "https://www.googleapis.com/compute/v1/projects/schirmer-project/global/networks/psf-network",
            "priority": 1000,
            "project": "schirmer-project",
            "self_link": "https://www.googleapis.com/compute/v1/projects/schirmer-project/global/firewalls/grpc-app-firewall",
            "source_ranges": [
              "0.0.0.0/0"
            ],
            "source_service_accounts": null,
            "source_tags": null,
            "target_service_accounts": null,
            "target_tags": [
              "app"
            ],
            "timeouts": null
          },
          "sensitive_attributes": [],
          "private": "eyJlMmJmYjczMC1lY2FhLTExZTYtOGY4OC0zNDM2M2JjN2M0YzAiOnsiY3JlYXRlIjoxMjAwMDAwMDAwMDAwLCJkZWxldGUiOjEyMDAwMDAwMDAwMDAsInVwZGF0ZSI6MTIwMDAwMDAwMDAwMH0sInNjaGVtYV92ZXJzaW9uIjoiMSJ9",
          "dependencies": [
            "google_compute_network.vpc_network"
          ]
        }
      ]
    },
    {
      "mode": "managed",
      "type": "google_compute_firewall",
      "name": "ssh",
      "provider": "provider[\"registry.terraform.io/hashicorp/google\"]",
      "instances": [
        {
          "schema_version": 1,
          "attributes": {
            "allow": [
              {
                "ports": [
                  "22"
                ],
                "protocol": "tcp"
              }
            ],
            "creation_timestamp": "2023-09-19T13:31:41.188-07:00",
            "deny": [],
            "description": "",
            "destination_ranges": [],
            "direction": "INGRESS",
            "disabled": false,
            "enable_logging": null,
            "id": "projects/schirmer-project/global/firewalls/allow-ssh",
            "log_config": [],
            "name": "allow-ssh",
            "network": "https://www.googleapis.com/compute/v1/projects/schirmer-project/global/networks/psf-network",
            "priority": 1000,
            "project": "schirmer-project",
            "self_link": "https://www.googleapis.com/compute/v1/projects/schirmer-project/global/firewalls/allow-ssh",
            "source_ranges": [
              "0.0.0.0/0"
            ],
            "source_service_accounts": null,
            "source_tags": null,
            "target_service_accounts": null,
            "target_tags": [
              "ssh"
            ],
            "timeouts": null
          },
          "sensitive_attributes": [],
          "private": "eyJlMmJmYjczMC1lY2FhLTExZTYtOGY4OC0zNDM2M2JjN2M0YzAiOnsiY3JlYXRlIjoxMjAwMDAwMDAwMDAwLCJkZWxldGUiOjEyMDAwMDAwMDAwMDAsInVwZGF0ZSI6MTIwMDAwMDAwMDAwMH0sInNjaGVtYV92ZXJzaW9uIjoiMSJ9",
          "dependencies": [
            "google_compute_network.vpc_network"
          ]
        }
      ]
    },
    {
      "mode": "managed",
      "type": "google_compute_instance",
      "name": "broker",
      "provider": "provider[\"registry.terraform.io/hashicorp/google\"]",
      "instances": [
        {
          "schema_version": 6,
          "attributes": {
            "advanced_machine_features": [],
            "allow_stopping_for_update": null,
            "attached_disk": [],
            "boot_disk": [
              {
                "auto_delete": true,
                "device_name": "persistent-disk-0",
                "disk_encryption_key_raw": "",
                "disk_encryption_key_sha256": "",
                "initialize_params": [
                  {
                    "image": "https://www.googleapis.com/compute/v1/projects/debian-cloud/global/images/debian-12-bookworm-v20230912",
                    "labels": {},
                    "size": 10,
                    "type": "pd-standard"
                  }
                ],
                "kms_key_self_link": "",
                "mode": "READ_WRITE",
                "source": "https://www.googleapis.com/compute/v1/projects/schirmer-project/zones/europe-west3-a/disks/psf-broker-vm"
              }
            ],
            "can_ip_forward": false,
            "confidential_instance_config": [],
            "cpu_platform": "Intel Broadwell",
            "current_status": "RUNNING",
            "deletion_protection": false,
            "description": "",
            "desired_status": null,
            "enable_display": false,
            "guest_accelerator": [],
            "hostname": "",
            "id": "projects/schirmer-project/zones/europe-west3-a/instances/psf-broker-vm",
            "instance_id": "6715334060826672041",
            "label_fingerprint": "42WmSpB8rSM=",
            "labels": null,
            "machine_type": "e2-standard-2",
            "metadata": {
              "ssh-keys": "debian:ssh-ed25519 AAAAC3NzaC1lZDI1NTE5AAAAIIuUIXbnIj5nPc2oNu+aQtOY+CWedpIK+RDqTOGoWVDF minghewang102b@gmail.com\n"
            },
            "metadata_fingerprint": "HtypKfBM3cI=",
            "metadata_startup_script": null,
            "min_cpu_platform": "",
            "name": "psf-broker-vm",
            "network_interface": [
              {
                "access_config": [
                  {
                    "nat_ip": "34.159.87.243",
                    "network_tier": "PREMIUM",
                    "public_ptr_domain_name": ""
                  }
                ],
                "alias_ip_range": [],
                "ipv6_access_config": [],
                "ipv6_access_type": "",
                "name": "nic0",
                "network": "https://www.googleapis.com/compute/v1/projects/schirmer-project/global/networks/psf-network",
                "network_ip": "10.1.2.2",
                "nic_type": "",
                "queue_count": 0,
                "stack_type": "IPV4_ONLY",
                "subnetwork": "https://www.googleapis.com/compute/v1/projects/schirmer-project/regions/europe-west3/subnetworks/psf-broker-subnetwork",
                "subnetwork_project": "schirmer-project"
              }
            ],
            "project": "schirmer-project",
            "reservation_affinity": [],
            "resource_policies": null,
            "scheduling": [
              {
                "automatic_restart": true,
                "instance_termination_action": "",
                "min_node_cpus": 0,
                "node_affinities": [],
                "on_host_maintenance": "MIGRATE",
                "preemptible": false,
                "provisioning_model": "STANDARD"
              }
            ],
            "scratch_disk": [],
            "self_link": "https://www.googleapis.com/compute/v1/projects/schirmer-project/zones/europe-west3-a/instances/psf-broker-vm",
            "service_account": [],
            "shielded_instance_config": [
              {
                "enable_integrity_monitoring": true,
                "enable_secure_boot": false,
                "enable_vtpm": true
              }
            ],
            "tags": [
              "app",
              "ssh"
            ],
            "tags_fingerprint": "ie3syIw_SLM=",
            "timeouts": null,
            "zone": "europe-west3-a"
          },
          "sensitive_attributes": [],
          "private": "eyJlMmJmYjczMC1lY2FhLTExZTYtOGY4OC0zNDM2M2JjN2M0YzAiOnsiY3JlYXRlIjoxMjAwMDAwMDAwMDAwLCJkZWxldGUiOjEyMDAwMDAwMDAwMDAsInVwZGF0ZSI6MTIwMDAwMDAwMDAwMH0sInNjaGVtYV92ZXJzaW9uIjoiNiJ9",
          "dependencies": [
            "google_compute_network.vpc_network",
            "google_compute_subnetwork.broker"
          ]
        }
      ]
    },
    {
      "mode": "managed",
      "type": "google_compute_instance",
      "name": "publisher",
      "provider": "provider[\"registry.terraform.io/hashicorp/google\"]",
      "instances": [
        {
          "schema_version": 6,
          "attributes": {
            "advanced_machine_features": [],
            "allow_stopping_for_update": null,
            "attached_disk": [],
            "boot_disk": [
              {
                "auto_delete": true,
                "device_name": "persistent-disk-0",
                "disk_encryption_key_raw": "",
                "disk_encryption_key_sha256": "",
                "initialize_params": [
                  {
                    "image": "https://www.googleapis.com/compute/v1/projects/debian-cloud/global/images/debian-12-bookworm-v20230912",
                    "labels": {},
                    "size": 10,
                    "type": "pd-standard"
                  }
                ],
                "kms_key_self_link": "",
                "mode": "READ_WRITE",
                "source": "https://www.googleapis.com/compute/v1/projects/schirmer-project/zones/europe-west3-a/disks/psf-publisher-vm"
              }
            ],
            "can_ip_forward": false,
            "confidential_instance_config": [],
            "cpu_platform": "Intel Broadwell",
            "current_status": "RUNNING",
            "deletion_protection": false,
            "description": "",
            "desired_status": null,
            "enable_display": false,
            "guest_accelerator": [],
            "hostname": "",
            "id": "projects/schirmer-project/zones/europe-west3-a/instances/psf-publisher-vm",
            "instance_id": "6574367062303947689",
            "label_fingerprint": "42WmSpB8rSM=",
            "labels": null,
            "machine_type": "e2-standard-2",
            "metadata": {
              "ssh-keys": "debian:ssh-ed25519 AAAAC3NzaC1lZDI1NTE5AAAAIIuUIXbnIj5nPc2oNu+aQtOY+CWedpIK+RDqTOGoWVDF minghewang102b@gmail.com\n"
            },
            "metadata_fingerprint": "HtypKfBM3cI=",
            "metadata_startup_script": null,
            "min_cpu_platform": "",
            "name": "psf-publisher-vm",
            "network_interface": [
              {
                "access_config": [
                  {
                    "nat_ip": "35.246.254.217",
                    "network_tier": "PREMIUM",
                    "public_ptr_domain_name": ""
                  }
                ],
                "alias_ip_range": [],
                "ipv6_access_config": [],
                "ipv6_access_type": "",
                "name": "nic0",
                "network": "https://www.googleapis.com/compute/v1/projects/schirmer-project/global/networks/psf-network",
                "network_ip": "10.1.2.4",
                "nic_type": "",
                "queue_count": 0,
                "stack_type": "IPV4_ONLY",
                "subnetwork": "https://www.googleapis.com/compute/v1/projects/schirmer-project/regions/europe-west3/subnetworks/psf-broker-subnetwork",
                "subnetwork_project": "schirmer-project"
              }
            ],
            "project": "schirmer-project",
            "reservation_affinity": [],
            "resource_policies": null,
            "scheduling": [
              {
                "automatic_restart": true,
                "instance_termination_action": "",
                "min_node_cpus": 0,
                "node_affinities": [],
                "on_host_maintenance": "MIGRATE",
                "preemptible": false,
                "provisioning_model": "STANDARD"
              }
            ],
            "scratch_disk": [],
            "self_link": "https://www.googleapis.com/compute/v1/projects/schirmer-project/zones/europe-west3-a/instances/psf-publisher-vm",
            "service_account": [],
            "shielded_instance_config": [
              {
                "enable_integrity_monitoring": true,
                "enable_secure_boot": false,
                "enable_vtpm": true
              }
            ],
            "tags": [
              "app",
              "ssh"
            ],
            "tags_fingerprint": "ie3syIw_SLM=",
            "timeouts": null,
            "zone": "europe-west3-a"
          },
          "sensitive_attributes": [],
          "private": "eyJlMmJmYjczMC1lY2FhLTExZTYtOGY4OC0zNDM2M2JjN2M0YzAiOnsiY3JlYXRlIjoxMjAwMDAwMDAwMDAwLCJkZWxldGUiOjEyMDAwMDAwMDAwMDAsInVwZGF0ZSI6MTIwMDAwMDAwMDAwMH0sInNjaGVtYV92ZXJzaW9uIjoiNiJ9",
          "dependencies": [
            "google_compute_network.vpc_network",
            "google_compute_subnetwork.broker"
          ]
        }
      ]
    },
    {
      "mode": "managed",
      "type": "google_compute_instance",
      "name": "subscriber",
      "provider": "provider[\"registry.terraform.io/hashicorp/google\"]",
      "instances": [
        {
          "schema_version": 6,
          "attributes": {
            "advanced_machine_features": [],
            "allow_stopping_for_update": null,
            "attached_disk": [],
            "boot_disk": [
              {
                "auto_delete": true,
                "device_name": "persistent-disk-0",
                "disk_encryption_key_raw": "",
                "disk_encryption_key_sha256": "",
                "initialize_params": [
                  {
                    "image": "https://www.googleapis.com/compute/v1/projects/debian-cloud/global/images/debian-12-bookworm-v20230912",
                    "labels": {},
                    "size": 10,
                    "type": "pd-standard"
                  }
                ],
                "kms_key_self_link": "",
                "mode": "READ_WRITE",
                "source": "https://www.googleapis.com/compute/v1/projects/schirmer-project/zones/europe-west3-a/disks/psf-subscriber-vm"
              }
            ],
            "can_ip_forward": false,
            "confidential_instance_config": [],
            "cpu_platform": "Intel Broadwell",
            "current_status": "RUNNING",
            "deletion_protection": false,
            "description": "",
            "desired_status": null,
            "enable_display": false,
            "guest_accelerator": [],
            "hostname": "",
            "id": "projects/schirmer-project/zones/europe-west3-a/instances/psf-subscriber-vm",
            "instance_id": "7342581336821447594",
            "label_fingerprint": "42WmSpB8rSM=",
            "labels": null,
            "machine_type": "e2-standard-2",
            "metadata": {
              "ssh-keys": "debian:ssh-ed25519 AAAAC3NzaC1lZDI1NTE5AAAAIIuUIXbnIj5nPc2oNu+aQtOY+CWedpIK+RDqTOGoWVDF minghewang102b@gmail.com\n"
            },
            "metadata_fingerprint": "HtypKfBM3cI=",
            "metadata_startup_script": null,
            "min_cpu_platform": "",
            "name": "psf-subscriber-vm",
            "network_interface": [
              {
                "access_config": [
                  {
                    "nat_ip": "34.141.38.70",
                    "network_tier": "PREMIUM",
                    "public_ptr_domain_name": ""
                  }
                ],
                "alias_ip_range": [],
                "ipv6_access_config": [],
                "ipv6_access_type": "",
                "name": "nic0",
                "network": "https://www.googleapis.com/compute/v1/projects/schirmer-project/global/networks/psf-network",
                "network_ip": "10.1.2.3",
                "nic_type": "",
                "queue_count": 0,
                "stack_type": "IPV4_ONLY",
                "subnetwork": "https://www.googleapis.com/compute/v1/projects/schirmer-project/regions/europe-west3/subnetworks/psf-broker-subnetwork",
                "subnetwork_project": "schirmer-project"
              }
            ],
            "project": "schirmer-project",
            "reservation_affinity": [],
            "resource_policies": null,
            "scheduling": [
              {
                "automatic_restart": true,
                "instance_termination_action": "",
                "min_node_cpus": 0,
                "node_affinities": [],
                "on_host_maintenance": "MIGRATE",
                "preemptible": false,
                "provisioning_model": "STANDARD"
              }
            ],
            "scratch_disk": [],
            "self_link": "https://www.googleapis.com/compute/v1/projects/schirmer-project/zones/europe-west3-a/instances/psf-subscriber-vm",
            "service_account": [],
            "shielded_instance_config": [
              {
                "enable_integrity_monitoring": true,
                "enable_secure_boot": false,
                "enable_vtpm": true
              }
            ],
            "tags": [
              "app",
              "ssh"
            ],
            "tags_fingerprint": "ie3syIw_SLM=",
            "timeouts": null,
            "zone": "europe-west3-a"
          },
          "sensitive_attributes": [],
          "private": "eyJlMmJmYjczMC1lY2FhLTExZTYtOGY4OC0zNDM2M2JjN2M0YzAiOnsiY3JlYXRlIjoxMjAwMDAwMDAwMDAwLCJkZWxldGUiOjEyMDAwMDAwMDAwMDAsInVwZGF0ZSI6MTIwMDAwMDAwMDAwMH0sInNjaGVtYV92ZXJzaW9uIjoiNiJ9",
          "dependencies": [
            "google_compute_network.vpc_network",
            "google_compute_subnetwork.broker"
          ]
        }
      ]
    },
    {
      "mode": "managed",
      "type": "google_compute_network",
      "name": "vpc_network",
      "provider": "provider[\"registry.terraform.io/hashicorp/google\"]",
      "instances": [
        {
          "schema_version": 0,
          "attributes": {
            "auto_create_subnetworks": false,
            "delete_default_routes_on_create": false,
            "description": "",
            "enable_ula_internal_ipv6": false,
            "gateway_ipv4": "",
            "id": "projects/schirmer-project/global/networks/psf-network",
            "internal_ipv6_range": "",
            "mtu": 0,
            "name": "psf-network",
            "project": "schirmer-project",
            "routing_mode": "REGIONAL",
            "self_link": "https://www.googleapis.com/compute/v1/projects/schirmer-project/global/networks/psf-network",
            "timeouts": null
          },
          "sensitive_attributes": [],
          "private": "eyJlMmJmYjczMC1lY2FhLTExZTYtOGY4OC0zNDM2M2JjN2M0YzAiOnsiY3JlYXRlIjoxMjAwMDAwMDAwMDAwLCJkZWxldGUiOjEyMDAwMDAwMDAwMDAsInVwZGF0ZSI6MTIwMDAwMDAwMDAwMH19"
        }
      ]
    },
    {
      "mode": "managed",
      "type": "google_compute_subnetwork",
      "name": "broker",
      "provider": "provider[\"registry.terraform.io/hashicorp/google\"]",
      "instances": [
        {
          "schema_version": 0,
          "attributes": {
            "creation_timestamp": "2023-09-19T13:31:41.804-07:00",
            "description": "",
            "external_ipv6_prefix": "",
            "fingerprint": null,
            "gateway_address": "10.1.2.1",
            "id": "projects/schirmer-project/regions/europe-west3/subnetworks/psf-broker-subnetwork",
            "ip_cidr_range": "10.1.2.0/24",
            "ipv6_access_type": "",
            "ipv6_cidr_range": "",
            "log_config": [],
            "name": "psf-broker-subnetwork",
            "network": "https://www.googleapis.com/compute/v1/projects/schirmer-project/global/networks/psf-network",
            "private_ip_google_access": false,
            "private_ipv6_google_access": "DISABLE_GOOGLE_ACCESS",
            "project": "schirmer-project",
            "purpose": "PRIVATE",
            "region": "europe-west3",
            "role": "",
            "secondary_ip_range": [],
            "self_link": "https://www.googleapis.com/compute/v1/projects/schirmer-project/regions/europe-west3/subnetworks/psf-broker-subnetwork",
            "stack_type": "IPV4_ONLY",
            "timeouts": null
          },
          "sensitive_attributes": [],
          "private": "eyJlMmJmYjczMC1lY2FhLTExZTYtOGY4OC0zNDM2M2JjN2M0YzAiOnsiY3JlYXRlIjoxMjAwMDAwMDAwMDAwLCJkZWxldGUiOjEyMDAwMDAwMDAwMDAsInVwZGF0ZSI6MTIwMDAwMDAwMDAwMH19",
          "dependencies": [
            "google_compute_network.vpc_network"
          ]
        }
      ]
    }
  ],
  "check_results": null
}
